
Microsoft Visual Studio Solution File, Format Version 12.00
# Visual Studio Version 17
VisualStudioVersion = 17.0.31903.59
MinimumVisualStudioVersion = 10.0.40219.1
Project("{2150E333-8FDC-42A3-9474-1A3956D46DE8}") = "src", "src", "{1D81AF8F-B982-412C-A2A9-8783FF84101A}"
EndProject
Project("{FAE04EC0-301F-11D3-BF4B-00C04F79EFBC}") = "Contracts", "src\Contracts\Contracts.csproj", "{462C0526-E814-4BD7-9893-2F9E775C8A7B}"
EndProject
Project("{FAE04EC0-301F-11D3-BF4B-00C04F79EFBC}") = "Mcp.Engineering", "src\Mcp.Engineering\Mcp.Engineering.csproj", "{E63900C9-DEC4-46EE-900A-6B7C20EA8606}"
EndProject
Project("{2150E333-8FDC-42A3-9474-1A3956D46DE8}") = "tests", "tests", "{8C501A36-671C-42DF-AA92-CD3B1CCB6C4E}"
EndProject
Project("{FAE04EC0-301F-11D3-BF4B-00C04F79EFBC}") = "Contracts.Tests", "tests\Contracts.Tests\Contracts.Tests.csproj", "{22DB165F-E604-4552-A255-07B7BB5E6347}"
EndProject
Project("{FAE04EC0-301F-11D3-BF4B-00C04F79EFBC}") = "Mcp.Knowledge", "src\Mcp.Knowledge\Mcp.Knowledge.csproj", "{70FAA689-EFE5-4C2C-BF0D-434AAD0287E9}"
EndProject
Project("{FAE04EC0-301F-11D3-BF4B-00C04F79EFBC}") = "Mcp.Knowledge.Tests", "tests\Mcp.Knowledge.Tests\Mcp.Knowledge.Tests.csproj", "{0A51A87A-42B2-4469-8286-08B5CF936CB3}"
EndProject
Project("{FAE04EC0-301F-11D3-BF4B-00C04F79EFBC}") = "Agent", "src\Agent\Agent.csproj", "{94208CDA-8FE9-44C4-A965-11DCC49A3F71}"
EndProject
Project("{FAE04EC0-301F-11D3-BF4B-00C04F79EFBC}") = "Agent.Tests", "tests\Agent.Tests\Agent.Tests.csproj", "{2E891B9A-EF95-4D48-831C-5DAECE02F8A4}"
EndProject
Project("{FAE04EC0-301F-11D3-BF4B-00C04F79EFBC}") = "Mcp.Engineering.Tests", "tests\Mcp.Engineering.Tests\Mcp.Engineering.Tests.csproj", "{955ECD45-AA22-43FD-9367-357E3B6DE0A5}"
EndProject
Project("{FAE04EC0-301F-11D3-BF4B-00C04F79EFBC}") = "ApiHost", "src\ApiHost\ApiHost.csproj", "{990D7CED-21AB-4C1F-9FA7-972D26816526}"
EndProject
Project("{FAE04EC0-301F-11D3-BF4B-00C04F79EFBC}") = "Mcp.VersionControl", "src\Mcp.VersionControl\Mcp.VersionControl.csproj", "{E9A5A84A-B612-4012-AFD8-D040F113BF3A}"
EndProject
Project("{FAE04EC0-301F-11D3-BF4B-00C04F79EFBC}") = "Mcp.VersionControl.Tests", "tests\Mcp.VersionControl.Tests\Mcp.VersionControl.Tests.csproj", "{65B1CEE0-358B-417F-92AE-BAA2078854E5}"
EndProject
Project("{FAE04EC0-301F-11D3-BF4B-00C04F79EFBC}") = "Mcp.SourceEditor", "src\Mcp.SourceEditor\Mcp.SourceEditor.csproj", "{586575BB-2FE6-49BA-8A06-7DD8188CF619}"
EndProject
Project("{FAE04EC0-301F-11D3-BF4B-00C04F79EFBC}") = "Mcp.SourceEditor.Tests", "tests\Mcp.SourceEditor.Tests\Mcp.SourceEditor.Tests.csproj", "{D93624A8-B8D0-4DC5-9DD1-E93A458D00C1}"
EndProject
Project("{FAE04EC0-301F-11D3-BF4B-00C04F79EFBC}") = "ApiHost.Tests", "tests\ApiHost.Tests\ApiHost.Tests.csproj", "{69E471A5-6EFE-42FB-ACD6-8CFAAE58FF4D}"
EndProject
Project("{FAE04EC0-301F-11D3-BF4B-00C04F79EFBC}") = "E2E.Tests", "tests\E2E.Tests\E2E.Tests.csproj", "{32A79056-1848-412F-A0CF-17F5364149AB}"
EndProject
Project("{FAE04EC0-301F-11D3-BF4B-00C04F79EFBC}") = "Tools.OpennessWhitelist", "src\Tools.OpennessWhitelist\Tools.OpennessWhitelist.csproj", "{3F59D788-6656-45B0-A0FB-F1BA9CECCA28}"
EndProject
Project("{FAE04EC0-301F-11D3-BF4B-00C04F79EFBC}") = "AutomationWorkbench.Desktop", "src\AutomationWorkbench.Desktop\AutomationWorkbench.Desktop.csproj", "{4263613E-9BDA-44EB-8D16-824298B200D8}"
EndProject
Project("{FAE04EC0-301F-11D3-BF4B-00C04F79EFBC}") = "AutomationWorkbench.Desktop.Tests", "tests\AutomationWorkbench.Desktop.Tests\AutomationWorkbench.Desktop.Tests.csproj", "{4594DBFB-0C9F-4FD4-97AA-71D0FEF8D128}"
EndProject
Project("{FAE04EC0-301F-11D3-BF4B-00C04F79EFBC}") = "PlcXml.Model", "src\PlcXml.Model\PlcXml.Model.csproj", "{A3B95B9E-D6A2-4E3F-9DF3-0F563C66BBB7}"
EndProject
Project("{FAE04EC0-301F-11D3-BF4B-00C04F79EFBC}") = "PlcXml.Model.Tests", "tests\PlcXml.Model.Tests\PlcXml.Model.Tests.csproj", "{C3CB470E-0B5E-4F98-8460-D96956D8EE79}"
EndProject
Global
	GlobalSection(SolutionConfigurationPlatforms) = preSolution
		Debug|Any CPU = Debug|Any CPU
		Release|Any CPU = Release|Any CPU
	EndGlobalSection
	GlobalSection(SolutionProperties) = preSolution
		HideSolutionNode = FALSE
	EndGlobalSection
	GlobalSection(ProjectConfigurationPlatforms) = postSolution
		{462C0526-E814-4BD7-9893-2F9E775C8A7B}.Debug|Any CPU.ActiveCfg = Debug|Any CPU
		{462C0526-E814-4BD7-9893-2F9E775C8A7B}.Debug|Any CPU.Build.0 = Debug|Any CPU
		{462C0526-E814-4BD7-9893-2F9E775C8A7B}.Release|Any CPU.ActiveCfg = Release|Any CPU
		{462C0526-E814-4BD7-9893-2F9E775C8A7B}.Release|Any CPU.Build.0 = Release|Any CPU
		{E63900C9-DEC4-46EE-900A-6B7C20EA8606}.Debug|Any CPU.ActiveCfg = Debug|Any CPU
		{E63900C9-DEC4-46EE-900A-6B7C20EA8606}.Debug|Any CPU.Build.0 = Debug|Any CPU
		{E63900C9-DEC4-46EE-900A-6B7C20EA8606}.Release|Any CPU.ActiveCfg = Release|Any CPU
		{E63900C9-DEC4-46EE-900A-6B7C20EA8606}.Release|Any CPU.Build.0 = Release|Any CPU
		{22DB165F-E604-4552-A255-07B7BB5E6347}.Debug|Any CPU.ActiveCfg = Debug|Any CPU
		{22DB165F-E604-4552-A255-07B7BB5E6347}.Debug|Any CPU.Build.0 = Debug|Any CPU
		{22DB165F-E604-4552-A255-07B7BB5E6347}.Release|Any CPU.ActiveCfg = Release|Any CPU
		{22DB165F-E604-4552-A255-07B7BB5E6347}.Release|Any CPU.Build.0 = Release|Any CPU
		{70FAA689-EFE5-4C2C-BF0D-434AAD0287E9}.Debug|Any CPU.ActiveCfg = Debug|Any CPU
		{70FAA689-EFE5-4C2C-BF0D-434AAD0287E9}.Debug|Any CPU.Build.0 = Debug|Any CPU
		{70FAA689-EFE5-4C2C-BF0D-434AAD0287E9}.Release|Any CPU.ActiveCfg = Release|Any CPU
		{70FAA689-EFE5-4C2C-BF0D-434AAD0287E9}.Release|Any CPU.Build.0 = Release|Any CPU
		{0A51A87A-42B2-4469-8286-08B5CF936CB3}.Debug|Any CPU.ActiveCfg = Debug|Any CPU
		{0A51A87A-42B2-4469-8286-08B5CF936CB3}.Debug|Any CPU.Build.0 = Debug|Any CPU
		{0A51A87A-42B2-4469-8286-08B5CF936CB3}.Release|Any CPU.ActiveCfg = Release|Any CPU
		{0A51A87A-42B2-4469-8286-08B5CF936CB3}.Release|Any CPU.Build.0 = Release|Any CPU
		{94208CDA-8FE9-44C4-A965-11DCC49A3F71}.Debug|Any CPU.ActiveCfg = Debug|Any CPU
		{94208CDA-8FE9-44C4-A965-11DCC49A3F71}.Debug|Any CPU.Build.0 = Debug|Any CPU
		{94208CDA-8FE9-44C4-A965-11DCC49A3F71}.Release|Any CPU.ActiveCfg = Release|Any CPU
		{94208CDA-8FE9-44C4-A965-11DCC49A3F71}.Release|Any CPU.Build.0 = Release|Any CPU
		{2E891B9A-EF95-4D48-831C-5DAECE02F8A4}.Debug|Any CPU.ActiveCfg = Debug|Any CPU
		{2E891B9A-EF95-4D48-831C-5DAECE02F8A4}.Debug|Any CPU.Build.0 = Debug|Any CPU
		{2E891B9A-EF95-4D48-831C-5DAECE02F8A4}.Release|Any CPU.ActiveCfg = Release|Any CPU
		{2E891B9A-EF95-4D48-831C-5DAECE02F8A4}.Release|Any CPU.Build.0 = Release|Any CPU
		{955ECD45-AA22-43FD-9367-357E3B6DE0A5}.Debug|Any CPU.ActiveCfg = Debug|Any CPU
		{955ECD45-AA22-43FD-9367-357E3B6DE0A5}.Debug|Any CPU.Build.0 = Debug|Any CPU
		{955ECD45-AA22-43FD-9367-357E3B6DE0A5}.Release|Any CPU.ActiveCfg = Release|Any CPU
		{955ECD45-AA22-43FD-9367-357E3B6DE0A5}.Release|Any CPU.Build.0 = Release|Any CPU
		{990D7CED-21AB-4C1F-9FA7-972D26816526}.Debug|Any CPU.ActiveCfg = Debug|Any CPU
		{990D7CED-21AB-4C1F-9FA7-972D26816526}.Debug|Any CPU.Build.0 = Debug|Any CPU
		{990D7CED-21AB-4C1F-9FA7-972D26816526}.Release|Any CPU.ActiveCfg = Release|Any CPU
		{990D7CED-21AB-4C1F-9FA7-972D26816526}.Release|Any CPU.Build.0 = Release|Any CPU
		{E9A5A84A-B612-4012-AFD8-D040F113BF3A}.Debug|Any CPU.ActiveCfg = Debug|Any CPU
		{E9A5A84A-B612-4012-AFD8-D040F113BF3A}.Debug|Any CPU.Build.0 = Debug|Any CPU
		{E9A5A84A-B612-4012-AFD8-D040F113BF3A}.Release|Any CPU.ActiveCfg = Release|Any CPU
		{E9A5A84A-B612-4012-AFD8-D040F113BF3A}.Release|Any CPU.Build.0 = Release|Any CPU
		{65B1CEE0-358B-417F-92AE-BAA2078854E5}.Debug|Any CPU.ActiveCfg = Debug|Any CPU
		{65B1CEE0-358B-417F-92AE-BAA2078854E5}.Debug|Any CPU.Build.0 = Debug|Any CPU
		{65B1CEE0-358B-417F-92AE-BAA2078854E5}.Release|Any CPU.ActiveCfg = Release|Any CPU
		{65B1CEE0-358B-417F-92AE-BAA2078854E5}.Release|Any CPU.Build.0 = Release|Any CPU
		{586575BB-2FE6-49BA-8A06-7DD8188CF619}.Debug|Any CPU.ActiveCfg = Debug|Any CPU
		{586575BB-2FE6-49BA-8A06-7DD8188CF619}.Debug|Any CPU.Build.0 = Debug|Any CPU
		{586575BB-2FE6-49BA-8A06-7DD8188CF619}.Release|Any CPU.ActiveCfg = Release|Any CPU
		{586575BB-2FE6-49BA-8A06-7DD8188CF619}.Release|Any CPU.Build.0 = Release|Any CPU
		{D93624A8-B8D0-4DC5-9DD1-E93A458D00C1}.Debug|Any CPU.ActiveCfg = Debug|Any CPU
		{D93624A8-B8D0-4DC5-9DD1-E93A458D00C1}.Debug|Any CPU.Build.0 = Debug|Any CPU
		{D93624A8-B8D0-4DC5-9DD1-E93A458D00C1}.Release|Any CPU.ActiveCfg = Release|Any CPU
		{D93624A8-B8D0-4DC5-9DD1-E93A458D00C1}.Release|Any CPU.Build.0 = Release|Any CPU
		{69E471A5-6EFE-42FB-ACD6-8CFAAE58FF4D}.Debug|Any CPU.ActiveCfg = Debug|Any CPU
		{69E471A5-6EFE-42FB-ACD6-8CFAAE58FF4D}.Debug|Any CPU.Build.0 = Debug|Any CPU
		{69E471A5-6EFE-42FB-ACD6-8CFAAE58FF4D}.Release|Any CPU.ActiveCfg = Release|Any CPU
		{69E471A5-6EFE-42FB-ACD6-8CFAAE58FF4D}.Release|Any CPU.Build.0 = Release|Any CPU
		{32A79056-1848-412F-A0CF-17F5364149AB}.Debug|Any CPU.ActiveCfg = Debug|Any CPU
		{32A79056-1848-412F-A0CF-17F5364149AB}.Debug|Any CPU.Build.0 = Debug|Any CPU
		{32A79056-1848-412F-A0CF-17F5364149AB}.Release|Any CPU.ActiveCfg = Release|Any CPU
		{32A79056-1848-412F-A0CF-17F5364149AB}.Release|Any CPU.Build.0 = Release|Any CPU
		{3F59D788-6656-45B0-A0FB-F1BA9CECCA28}.Debug|Any CPU.ActiveCfg = Debug|Any CPU
		{3F59D788-6656-45B0-A0FB-F1BA9CECCA28}.Debug|Any CPU.Build.0 = Debug|Any CPU
		{3F59D788-6656-45B0-A0FB-F1BA9CECCA28}.Release|Any CPU.ActiveCfg = Release|Any CPU
		{3F59D788-6656-45B0-A0FB-F1BA9CECCA28}.Release|Any CPU.Build.0 = Release|Any CPU
		{4263613E-9BDA-44EB-8D16-824298B200D8}.Debug|Any CPU.ActiveCfg = Debug|Any CPU
		{4263613E-9BDA-44EB-8D16-824298B200D8}.Debug|Any CPU.Build.0 = Debug|Any CPU
		{4263613E-9BDA-44EB-8D16-824298B200D8}.Release|Any CPU.ActiveCfg = Release|Any CPU
		{4263613E-9BDA-44EB-8D16-824298B200D8}.Release|Any CPU.Build.0 = Release|Any CPU
		{4594DBFB-0C9F-4FD4-97AA-71D0FEF8D128}.Debug|Any CPU.ActiveCfg = Debug|Any CPU
		{4594DBFB-0C9F-4FD4-97AA-71D0FEF8D128}.Debug|Any CPU.Build.0 = Debug|Any CPU
		{4594DBFB-0C9F-4FD4-97AA-71D0FEF8D128}.Release|Any CPU.ActiveCfg = Release|Any CPU
		{4594DBFB-0C9F-4FD4-97AA-71D0FEF8D128}.Release|Any CPU.Build.0 = Release|Any CPU
		{A3B95B9E-D6A2-4E3F-9DF3-0F563C66BBB7}.Debug|Any CPU.ActiveCfg = Debug|Any CPU
		{A3B95B9E-D6A2-4E3F-9DF3-0F563C66BBB7}.Debug|Any CPU.Build.0 = Debug|Any CPU
		{A3B95B9E-D6A2-4E3F-9DF3-0F563C66BBB7}.Release|Any CPU.ActiveCfg = Release|Any CPU
		{A3B95B9E-D6A2-4E3F-9DF3-0F563C66BBB7}.Release|Any CPU.Build.0 = Release|Any CPU
		{C3CB470E-0B5E-4F98-8460-D96956D8EE79}.Debug|Any CPU.ActiveCfg = Debug|Any CPU
		{C3CB470E-0B5E-4F98-8460-D96956D8EE79}.Debug|Any CPU.Build.0 = Debug|Any CPU
		{C3CB470E-0B5E-4F98-8460-D96956D8EE79}.Release|Any CPU.ActiveCfg = Release|Any CPU
		{C3CB470E-0B5E-4F98-8460-D96956D8EE79}.Release|Any CPU.Build.0 = Release|Any CPU
	EndGlobalSection
	GlobalSection(NestedProjects) = preSolution
		{462C0526-E814-4BD7-9893-2F9E775C8A7B} = {1D81AF8F-B982-412C-A2A9-8783FF84101A}
		{E63900C9-DEC4-46EE-900A-6B7C20EA8606} = {1D81AF8F-B982-412C-A2A9-8783FF84101A}
		{22DB165F-E604-4552-A255-07B7BB5E6347} = {8C501A36-671C-42DF-AA92-CD3B1CCB6C4E}
		{70FAA689-EFE5-4C2C-BF0D-434AAD0287E9} = {1D81AF8F-B982-412C-A2A9-8783FF84101A}
		{0A51A87A-42B2-4469-8286-08B5CF936CB3} = {8C501A36-671C-42DF-AA92-CD3B1CCB6C4E}
		{94208CDA-8FE9-44C4-A965-11DCC49A3F71} = {1D81AF8F-B982-412C-A2A9-8783FF84101A}
		{2E891B9A-EF95-4D48-831C-5DAECE02F8A4} = {8C501A36-671C-42DF-AA92-CD3B1CCB6C4E}
		{955ECD45-AA22-43FD-9367-357E3B6DE0A5} = {8C501A36-671C-42DF-AA92-CD3B1CCB6C4E}
		{990D7CED-21AB-4C1F-9FA7-972D26816526} = {1D81AF8F-B982-412C-A2A9-8783FF84101A}
		{E9A5A84A-B612-4012-AFD8-D040F113BF3A} = {1D81AF8F-B982-412C-A2A9-8783FF84101A}
		{65B1CEE0-358B-417F-92AE-BAA2078854E5} = {8C501A36-671C-42DF-AA92-CD3B1CCB6C4E}
		{586575BB-2FE6-49BA-8A06-7DD8188CF619} = {1D81AF8F-B982-412C-A2A9-8783FF84101A}
		{D93624A8-B8D0-4DC5-9DD1-E93A458D00C1} = {8C501A36-671C-42DF-AA92-CD3B1CCB6C4E}
		{69E471A5-6EFE-42FB-ACD6-8CFAAE58FF4D} = {8C501A36-671C-42DF-AA92-CD3B1CCB6C4E}
		{32A79056-1848-412F-A0CF-17F5364149AB} = {8C501A36-671C-42DF-AA92-CD3B1CCB6C4E}
		{3F59D788-6656-45B0-A0FB-F1BA9CECCA28} = {1D81AF8F-B982-412C-A2A9-8783FF84101A}
		{4263613E-9BDA-44EB-8D16-824298B200D8} = {1D81AF8F-B982-412C-A2A9-8783FF84101A}
		{4594DBFB-0C9F-4FD4-97AA-71D0FEF8D128} = {8C501A36-671C-42DF-AA92-CD3B1CCB6C4E}
		{A3B95B9E-D6A2-4E3F-9DF3-0F563C66BBB7} = {1D81AF8F-B982-412C-A2A9-8783FF84101A}
		{C3CB470E-0B5E-4F98-8460-D96956D8EE79} = {8C501A36-671C-42DF-AA92-CD3B1CCB6C4E}
	EndGlobalSection
EndGlobal
